
Microsoft Visual Studio Solution File, Format Version 12.00
# Visual Studio Version 17
VisualStudioVersion = 17.11.35327.3
MinimumVisualStudioVersion = 10.0.40219.1
Project("{9A19103F-16F7-4668-BE54-9A1E7A4F7556}") = "Thing", "Thing\Thing.csproj", "{BF9410FA-F767-457E-95AF-1EA95FA1E742}"
EndProject
Project("{FAE04EC0-301F-11D3-BF4B-00C04F79EFBC}") = "Model", "Model\Model.csproj", "{12C9708E-8251-4D08-9AC4-2787105D2BF5}"
EndProject
Project("{FAE04EC0-301F-11D3-BF4B-00C04F79EFBC}") = "Application", "Application\Application.csproj", "{83C9D53E-374C-4722-919E-80E54A10F8A2}"
EndProject
Project("{FAE04EC0-301F-11D3-BF4B-00C04F79EFBC}") = "DataBase", "DataBase\DataBase.csproj", "{41F956D3-41C6-4865-A428-8B103384EEDD}"
EndProject
Project("{2150E333-8FDC-42A3-9474-1A3956D46DE8}") = "App", "App", "{BA5A21E8-A57F-4615-BE87-AF113D892680}"
EndProject
Project("{2150E333-8FDC-42A3-9474-1A3956D46DE8}") = "DB", "DB", "{ECFB4300-B441-4A71-9197-6FD6E7B20AC4}"
EndProject
Project("{2150E333-8FDC-42A3-9474-1A3956D46DE8}") = "ModelLibrary", "ModelLibrary", "{88C8F9B2-CE06-480F-BEE9-975527477E64}"
EndProject
Project("{2150E333-8FDC-42A3-9474-1A3956D46DE8}") = "ConsoleLibrary", "ConsoleLibrary", "{B85C8A9F-CE20-4632-B868-7421D33B5AA7}"
EndProject
Global
	GlobalSection(SolutionConfigurationPlatforms) = preSolution
		Debug|Any CPU = Debug|Any CPU
		Release|Any CPU = Release|Any CPU
	EndGlobalSection
	GlobalSection(ProjectConfigurationPlatforms) = postSolution
		{BF9410FA-F767-457E-95AF-1EA95FA1E742}.Debug|Any CPU.ActiveCfg = Debug|Any CPU
		{BF9410FA-F767-457E-95AF-1EA95FA1E742}.Debug|Any CPU.Build.0 = Debug|Any CPU
		{BF9410FA-F767-457E-95AF-1EA95FA1E742}.Release|Any CPU.ActiveCfg = Release|Any CPU
		{BF9410FA-F767-457E-95AF-1EA95FA1E742}.Release|Any CPU.Build.0 = Release|Any CPU
		{12C9708E-8251-4D08-9AC4-2787105D2BF5}.Debug|Any CPU.ActiveCfg = Debug|Any CPU
		{12C9708E-8251-4D08-9AC4-2787105D2BF5}.Debug|Any CPU.Build.0 = Debug|Any CPU
		{12C9708E-8251-4D08-9AC4-2787105D2BF5}.Release|Any CPU.ActiveCfg = Release|Any CPU
		{12C9708E-8251-4D08-9AC4-2787105D2BF5}.Release|Any CPU.Build.0 = Release|Any CPU
		{83C9D53E-374C-4722-919E-80E54A10F8A2}.Debug|Any CPU.ActiveCfg = Debug|Any CPU
		{83C9D53E-374C-4722-919E-80E54A10F8A2}.Debug|Any CPU.Build.0 = Debug|Any CPU
		{83C9D53E-374C-4722-919E-80E54A10F8A2}.Release|Any CPU.ActiveCfg = Release|Any CPU
		{83C9D53E-374C-4722-919E-80E54A10F8A2}.Release|Any CPU.Build.0 = Release|Any CPU
		{41F956D3-41C6-4865-A428-8B103384EEDD}.Debug|Any CPU.ActiveCfg = Debug|Any CPU
		{41F956D3-41C6-4865-A428-8B103384EEDD}.Debug|Any CPU.Build.0 = Debug|Any CPU
		{41F956D3-41C6-4865-A428-8B103384EEDD}.Release|Any CPU.ActiveCfg = Release|Any CPU
		{41F956D3-41C6-4865-A428-8B103384EEDD}.Release|Any CPU.Build.0 = Release|Any CPU
	EndGlobalSection
	GlobalSection(SolutionProperties) = preSolution
		HideSolutionNode = FALSE
	EndGlobalSection
	GlobalSection(NestedProjects) = preSolution
		{BF9410FA-F767-457E-95AF-1EA95FA1E742} = {B85C8A9F-CE20-4632-B868-7421D33B5AA7}
		{12C9708E-8251-4D08-9AC4-2787105D2BF5} = {88C8F9B2-CE06-480F-BEE9-975527477E64}
		{83C9D53E-374C-4722-919E-80E54A10F8A2} = {BA5A21E8-A57F-4615-BE87-AF113D892680}
		{41F956D3-41C6-4865-A428-8B103384EEDD} = {ECFB4300-B441-4A71-9197-6FD6E7B20AC4}
	EndGlobalSection
	GlobalSection(ExtensibilityGlobals) = postSolution
		SolutionGuid = {C957B982-F6F9-434B-847B-1C54FEA85111}
	EndGlobalSection
EndGlobal
